
Microsoft Visual Studio Solution File, Format Version 12.00
# Visual Studio 14
VisualStudioVersion = 14.0.25123.0
MinimumVisualStudioVersion = 10.0.40219.1
Project("{8BC9CEB8-8B4A-11D0-8D11-00A0C91BC942}") = "1010", "1010\1010.vcxproj", "{AF868C2D-8AE3-459B-BC08-C1BDC78A119E}"
EndProject
Project("{8BC9CEB8-8B4A-11D0-8D11-00A0C91BC942}") = "1023", "1023\1023.vcxproj", "{C290111A-8D48-4A10-B711-F19778E56A5F}"
EndProject
Project("{8BC9CEB8-8B4A-11D0-8D11-00A0C91BC942}") = "1032", "1032\1032.vcxproj", "{EC8B03A3-8C6D-44A9-963C-0437C6586A0E}"
EndProject
Project("{8BC9CEB8-8B4A-11D0-8D11-00A0C91BC942}") = "1033", "1033\1033.vcxproj", "{3FA59BA5-860C-4988-BABC-729F6B5602EF}"
EndProject
Project("{8BC9CEB8-8B4A-11D0-8D11-00A0C91BC942}") = "1045", "1045\1045.vcxproj", "{EA6F9C8A-574D-432B-9682-6942A964B73F}"
EndProject
Project("{8BC9CEB8-8B4A-11D0-8D11-00A0C91BC942}") = "1859", "1859\1859.vcxproj", "{A62D8069-504E-474C-A9B8-56D50E48F70A}"
EndProject
Project("{8BC9CEB8-8B4A-11D0-8D11-00A0C91BC942}") = "1108", "1108\1108.vcxproj", "{3A7F1B56-1E78-455A-AF9F-1582EC6A9B0D}"
EndProject
Project("{8BC9CEB8-8B4A-11D0-8D11-00A0C91BC942}") = "1109", "1109\1109.vcxproj", "{6A3D11BB-7B8A-4986-B1DB-8842DD316203}"
EndProject
Project("{8BC9CEB8-8B4A-11D0-8D11-00A0C91BC942}") = "1110", "1110\1110.vcxproj", "{3E183C76-8DBA-4A77-95A4-88865BB12F90}"
EndProject
Project("{8BC9CEB8-8B4A-11D0-8D11-00A0C91BC942}") = "1111", "1111\1111.vcxproj", "{875841D4-A2B2-4352-94B5-BBFCEA5F8793}"
EndProject
Project("{8BC9CEB8-8B4A-11D0-8D11-00A0C91BC942}") = "1112", "1112\1112.vcxproj", "{29A02B1F-CE67-487D-88E5-57AFC06AF955}"
EndProject
Global
	GlobalSection(SolutionConfigurationPlatforms) = preSolution
		Debug|x64 = Debug|x64
		Debug|x86 = Debug|x86
		Release|x64 = Release|x64
		Release|x86 = Release|x86
	EndGlobalSection
	GlobalSection(ProjectConfigurationPlatforms) = postSolution
		{AF868C2D-8AE3-459B-BC08-C1BDC78A119E}.Debug|x64.ActiveCfg = Debug|x64
		{AF868C2D-8AE3-459B-BC08-C1BDC78A119E}.Debug|x64.Build.0 = Debug|x64
		{AF868C2D-8AE3-459B-BC08-C1BDC78A119E}.Debug|x86.ActiveCfg = Debug|Win32
		{AF868C2D-8AE3-459B-BC08-C1BDC78A119E}.Debug|x86.Build.0 = Debug|Win32
		{AF868C2D-8AE3-459B-BC08-C1BDC78A119E}.Release|x64.ActiveCfg = Release|x64
		{AF868C2D-8AE3-459B-BC08-C1BDC78A119E}.Release|x64.Build.0 = Release|x64
		{AF868C2D-8AE3-459B-BC08-C1BDC78A119E}.Release|x86.ActiveCfg = Release|Win32
		{AF868C2D-8AE3-459B-BC08-C1BDC78A119E}.Release|x86.Build.0 = Release|Win32
		{C290111A-8D48-4A10-B711-F19778E56A5F}.Debug|x64.ActiveCfg = Debug|x64
		{C290111A-8D48-4A10-B711-F19778E56A5F}.Debug|x64.Build.0 = Debug|x64
		{C290111A-8D48-4A10-B711-F19778E56A5F}.Debug|x86.ActiveCfg = Debug|Win32
		{C290111A-8D48-4A10-B711-F19778E56A5F}.Debug|x86.Build.0 = Debug|Win32
		{C290111A-8D48-4A10-B711-F19778E56A5F}.Release|x64.ActiveCfg = Release|x64
		{C290111A-8D48-4A10-B711-F19778E56A5F}.Release|x64.Build.0 = Release|x64
		{C290111A-8D48-4A10-B711-F19778E56A5F}.Release|x86.ActiveCfg = Release|Win32
		{C290111A-8D48-4A10-B711-F19778E56A5F}.Release|x86.Build.0 = Release|Win32
		{EC8B03A3-8C6D-44A9-963C-0437C6586A0E}.Debug|x64.ActiveCfg = Debug|x64
		{EC8B03A3-8C6D-44A9-963C-0437C6586A0E}.Debug|x64.Build.0 = Debug|x64
		{EC8B03A3-8C6D-44A9-963C-0437C6586A0E}.Debug|x86.ActiveCfg = Debug|Win32
		{EC8B03A3-8C6D-44A9-963C-0437C6586A0E}.Debug|x86.Build.0 = Debug|Win32
		{EC8B03A3-8C6D-44A9-963C-0437C6586A0E}.Release|x64.ActiveCfg = Release|x64
		{EC8B03A3-8C6D-44A9-963C-0437C6586A0E}.Release|x64.Build.0 = Release|x64
		{EC8B03A3-8C6D-44A9-963C-0437C6586A0E}.Release|x86.ActiveCfg = Release|Win32
		{EC8B03A3-8C6D-44A9-963C-0437C6586A0E}.Release|x86.Build.0 = Release|Win32
		{3FA59BA5-860C-4988-BABC-729F6B5602EF}.Debug|x64.ActiveCfg = Debug|x64
		{3FA59BA5-860C-4988-BABC-729F6B5602EF}.Debug|x64.Build.0 = Debug|x64
		{3FA59BA5-860C-4988-BABC-729F6B5602EF}.Debug|x86.ActiveCfg = Debug|Win32
		{3FA59BA5-860C-4988-BABC-729F6B5602EF}.Debug|x86.Build.0 = Debug|Win32
		{3FA59BA5-860C-4988-BABC-729F6B5602EF}.Release|x64.ActiveCfg = Release|x64
		{3FA59BA5-860C-4988-BABC-729F6B5602EF}.Release|x64.Build.0 = Release|x64
		{3FA59BA5-860C-4988-BABC-729F6B5602EF}.Release|x86.ActiveCfg = Release|Win32
		{3FA59BA5-860C-4988-BABC-729F6B5602EF}.Release|x86.Build.0 = Release|Win32
		{EA6F9C8A-574D-432B-9682-6942A964B73F}.Debug|x64.ActiveCfg = Debug|x64
		{EA6F9C8A-574D-432B-9682-6942A964B73F}.Debug|x64.Build.0 = Debug|x64
		{EA6F9C8A-574D-432B-9682-6942A964B73F}.Debug|x86.ActiveCfg = Debug|Win32
		{EA6F9C8A-574D-432B-9682-6942A964B73F}.Debug|x86.Build.0 = Debug|Win32
		{EA6F9C8A-574D-432B-9682-6942A964B73F}.Release|x64.ActiveCfg = Release|x64
		{EA6F9C8A-574D-432B-9682-6942A964B73F}.Release|x64.Build.0 = Release|x64
		{EA6F9C8A-574D-432B-9682-6942A964B73F}.Release|x86.ActiveCfg = Release|Win32
		{EA6F9C8A-574D-432B-9682-6942A964B73F}.Release|x86.Build.0 = Release|Win32
		{A62D8069-504E-474C-A9B8-56D50E48F70A}.Debug|x64.ActiveCfg = Debug|x64
		{A62D8069-504E-474C-A9B8-56D50E48F70A}.Debug|x64.Build.0 = Debug|x64
		{A62D8069-504E-474C-A9B8-56D50E48F70A}.Debug|x86.ActiveCfg = Debug|Win32
		{A62D8069-504E-474C-A9B8-56D50E48F70A}.Debug|x86.Build.0 = Debug|Win32
		{A62D8069-504E-474C-A9B8-56D50E48F70A}.Release|x64.ActiveCfg = Release|x64
		{A62D8069-504E-474C-A9B8-56D50E48F70A}.Release|x64.Build.0 = Release|x64
		{A62D8069-504E-474C-A9B8-56D50E48F70A}.Release|x86.ActiveCfg = Release|Win32
		{A62D8069-504E-474C-A9B8-56D50E48F70A}.Release|x86.Build.0 = Release|Win32
		{3A7F1B56-1E78-455A-AF9F-1582EC6A9B0D}.Debug|x64.ActiveCfg = Debug|x64
		{3A7F1B56-1E78-455A-AF9F-1582EC6A9B0D}.Debug|x64.Build.0 = Debug|x64
		{3A7F1B56-1E78-455A-AF9F-1582EC6A9B0D}.Debug|x86.ActiveCfg = Debug|Win32
		{3A7F1B56-1E78-455A-AF9F-1582EC6A9B0D}.Debug|x86.Build.0 = Debug|Win32
		{3A7F1B56-1E78-455A-AF9F-1582EC6A9B0D}.Release|x64.ActiveCfg = Release|x64
		{3A7F1B56-1E78-455A-AF9F-1582EC6A9B0D}.Release|x64.Build.0 = Release|x64
		{3A7F1B56-1E78-455A-AF9F-1582EC6A9B0D}.Release|x86.ActiveCfg = Release|Win32
		{3A7F1B56-1E78-455A-AF9F-1582EC6A9B0D}.Release|x86.Build.0 = Release|Win32
		{6A3D11BB-7B8A-4986-B1DB-8842DD316203}.Debug|x64.ActiveCfg = Debug|x64
		{6A3D11BB-7B8A-4986-B1DB-8842DD316203}.Debug|x64.Build.0 = Debug|x64
		{6A3D11BB-7B8A-4986-B1DB-8842DD316203}.Debug|x86.ActiveCfg = Debug|Win32
		{6A3D11BB-7B8A-4986-B1DB-8842DD316203}.Debug|x86.Build.0 = Debug|Win32
		{6A3D11BB-7B8A-4986-B1DB-8842DD316203}.Release|x64.ActiveCfg = Release|x64
		{6A3D11BB-7B8A-4986-B1DB-8842DD316203}.Release|x64.Build.0 = Release|x64
		{6A3D11BB-7B8A-4986-B1DB-8842DD316203}.Release|x86.ActiveCfg = Release|Win32
		{6A3D11BB-7B8A-4986-B1DB-8842DD316203}.Release|x86.Build.0 = Release|Win32
		{3E183C76-8DBA-4A77-95A4-88865BB12F90}.Debug|x64.ActiveCfg = Debug|x64
		{3E183C76-8DBA-4A77-95A4-88865BB12F90}.Debug|x64.Build.0 = Debug|x64
		{3E183C76-8DBA-4A77-95A4-88865BB12F90}.Debug|x86.ActiveCfg = Debug|Win32
		{3E183C76-8DBA-4A77-95A4-88865BB12F90}.Debug|x86.Build.0 = Debug|Win32
		{3E183C76-8DBA-4A77-95A4-88865BB12F90}.Release|x64.ActiveCfg = Release|x64
		{3E183C76-8DBA-4A77-95A4-88865BB12F90}.Release|x64.Build.0 = Release|x64
		{3E183C76-8DBA-4A77-95A4-88865BB12F90}.Release|x86.ActiveCfg = Release|Win32
		{3E183C76-8DBA-4A77-95A4-88865BB12F90}.Release|x86.Build.0 = Release|Win32
		{875841D4-A2B2-4352-94B5-BBFCEA5F8793}.Debug|x64.ActiveCfg = Debug|x64
		{875841D4-A2B2-4352-94B5-BBFCEA5F8793}.Debug|x64.Build.0 = Debug|x64
		{875841D4-A2B2-4352-94B5-BBFCEA5F8793}.Debug|x86.ActiveCfg = Debug|Win32
		{875841D4-A2B2-4352-94B5-BBFCEA5F8793}.Debug|x86.Build.0 = Debug|Win32
		{875841D4-A2B2-4352-94B5-BBFCEA5F8793}.Release|x64.ActiveCfg = Release|x64
		{875841D4-A2B2-4352-94B5-BBFCEA5F8793}.Release|x64.Build.0 = Release|x64
		{875841D4-A2B2-4352-94B5-BBFCEA5F8793}.Release|x86.ActiveCfg = Release|Win32
		{875841D4-A2B2-4352-94B5-BBFCEA5F8793}.Release|x86.Build.0 = Release|Win32
		{29A02B1F-CE67-487D-88E5-57AFC06AF955}.Debug|x64.ActiveCfg = Debug|x64
		{29A02B1F-CE67-487D-88E5-57AFC06AF955}.Debug|x64.Build.0 = Debug|x64
		{29A02B1F-CE67-487D-88E5-57AFC06AF955}.Debug|x86.ActiveCfg = Debug|Win32
		{29A02B1F-CE67-487D-88E5-57AFC06AF955}.Debug|x86.Build.0 = Debug|Win32
		{29A02B1F-CE67-487D-88E5-57AFC06AF955}.Release|x64.ActiveCfg = Release|x64
		{29A02B1F-CE67-487D-88E5-57AFC06AF955}.Release|x64.Build.0 = Release|x64
		{29A02B1F-CE67-487D-88E5-57AFC06AF955}.Release|x86.ActiveCfg = Release|Win32
		{29A02B1F-CE67-487D-88E5-57AFC06AF955}.Release|x86.Build.0 = Release|Win32
	EndGlobalSection
	GlobalSection(SolutionProperties) = preSolution
		HideSolutionNode = FALSE
	EndGlobalSection
EndGlobal
