
Microsoft Visual Studio Solution File, Format Version 12.00
# Visual Studio 14
VisualStudioVersion = 14.0.25123.0
MinimumVisualStudioVersion = 10.0.40219.1
Project("{8BC9CEB8-8B4A-11D0-8D11-00A0C91BC942}") = "1010", "1010\1010.vcxproj", "{AF868C2D-8AE3-459B-BC08-C1BDC78A119E}"
EndProject
Project("{8BC9CEB8-8B4A-11D0-8D11-00A0C91BC942}") = "1023", "1023\1023.vcxproj", "{C290111A-8D48-4A10-B711-F19778E56A5F}"
EndProject
Project("{8BC9CEB8-8B4A-11D0-8D11-00A0C91BC942}") = "1032", "1032\1032.vcxproj", "{EC8B03A3-8C6D-44A9-963C-0437C6586A0E}"
EndProject
Project("{8BC9CEB8-8B4A-11D0-8D11-00A0C91BC942}") = "1033", "1033\1033.vcxproj", "{3FA59BA5-860C-4988-BABC-729F6B5602EF}"
EndProject
Project("{8BC9CEB8-8B4A-11D0-8D11-00A0C91BC942}") = "1045", "1045\1045.vcxproj", "{EA6F9C8A-574D-432B-9682-6942A964B73F}"
EndProject
Project("{8BC9CEB8-8B4A-11D0-8D11-00A0C91BC942}") = "1859", "1859\1859.vcxproj", "{A62D8069-504E-474C-A9B8-56D50E48F70A}"
EndProject
Project("{8BC9CEB8-8B4A-11D0-8D11-00A0C91BC942}") = "1108", "1108\1108.vcxproj", "{3A7F1B56-1E78-455A-AF9F-1582EC6A9B0D}"
EndProject
Project("{8BC9CEB8-8B4A-11D0-8D11-00A0C91BC942}") = "1109", "1109\1109.vcxproj", "{6A3D11BB-7B8A-4986-B1DB-8842DD316203}"
EndProject
Project("{8BC9CEB8-8B4A-11D0-8D11-00A0C91BC942}") = "1110", "1110\1110.vcxproj", "{3E183C76-8DBA-4A77-95A4-88865BB12F90}"
EndProject
Project("{8BC9CEB8-8B4A-11D0-8D11-00A0C91BC942}") = "1111", "1111\1111.vcxproj", "{875841D4-A2B2-4352-94B5-BBFCEA5F8793}"
EndProject
Project("{8BC9CEB8-8B4A-11D0-8D11-00A0C91BC942}") = "1112", "1112\1112.vcxproj", "{29A02B1F-CE67-487D-88E5-57AFC06AF955}"
EndProject
Project("{8BC9CEB8-8B4A-11D0-8D11-00A0C91BC942}") = "1114", "1114\1114.vcxproj", "{9C691BC6-5E44-4055-9222-BBCE1DF5457F}"
EndProject
Project("{8BC9CEB8-8B4A-11D0-8D11-00A0C91BC942}") = "1151", "1151\1151.vcxproj", "{FECB6C07-BC3E-4474-B191-BA36F24D7139}"
EndProject
Project("{8BC9CEB8-8B4A-11D0-8D11-00A0C91BC942}") = "1152", "1152\1152.vcxproj", "{062B213B-D855-461A-B6DB-C015F5949A07}"
EndProject
Project("{8BC9CEB8-8B4A-11D0-8D11-00A0C91BC942}") = "1162", "1162\1162.vcxproj", "{6320F112-9A3C-4FFB-9B6E-95AB3EBEDB03}"
EndProject
Project("{8BC9CEB8-8B4A-11D0-8D11-00A0C91BC942}") = "1171", "1171\1171.vcxproj", "{85542961-90D6-4537-89E3-DAF550DDD0F1}"
EndProject
Project("{8BC9CEB8-8B4A-11D0-8D11-00A0C91BC942}") = "1179", "1179\1179.vcxproj", "{3E794A00-2F03-4598-AE42-5D69BFF9C17C}"
EndProject
Project("{8BC9CEB8-8B4A-11D0-8D11-00A0C91BC942}") = "1180", "1180\1180.vcxproj", "{11E9507C-8A71-4D92-8406-28C07625AC11}"
EndProject
Project("{8BC9CEB8-8B4A-11D0-8D11-00A0C91BC942}") = "1183", "1183\1183.vcxproj", "{F764EAFC-13CC-487D-BAEF-7CB4061D19FE}"
EndProject
Project("{8BC9CEB8-8B4A-11D0-8D11-00A0C91BC942}") = "1186", "1186\1186.vcxproj", "{4099F817-B172-4041-A1D3-25D132FED90C}"
EndProject
Project("{8BC9CEB8-8B4A-11D0-8D11-00A0C91BC942}") = "1190", "1190\1190.vcxproj", "{6F7AF941-29CA-4AA4-BE6C-1D1C9025C6B9}"
EndProject
Project("{8BC9CEB8-8B4A-11D0-8D11-00A0C91BC942}") = "1506", "1506\1506.vcxproj", "{09827D77-946D-4637-BEC4-E537AC604504}"
EndProject
Project("{8BC9CEB8-8B4A-11D0-8D11-00A0C91BC942}") = "1935", "1935\1935.vcxproj", "{735B70B8-2C01-45C9-93C8-18FC33F9A8BE}"
EndProject
Project("{8BC9CEB8-8B4A-11D0-8D11-00A0C91BC942}") = "1995", "1995\1995.vcxproj", "{9750C4AF-A63F-4B62-AEDC-0BD2BF86E0F4}"
EndProject
Project("{8BC9CEB8-8B4A-11D0-8D11-00A0C91BC942}") = "1882", "1882\1882.vcxproj", "{2BDDD4EC-E717-493D-BAC2-51AFE5DB67C8}"
EndProject
Project("{8BC9CEB8-8B4A-11D0-8D11-00A0C91BC942}") = "1193", "1193\1193.vcxproj", "{659AF49E-7350-411D-A96D-52CA5570653C}"
EndProject
Project("{8BC9CEB8-8B4A-11D0-8D11-00A0C91BC942}") = "1240", "1240\1240.vcxproj", "{11299136-1A9E-48A9-AB06-9E309D61B0EC}"
EndProject
Project("{8BC9CEB8-8B4A-11D0-8D11-00A0C91BC942}") = "1514", "1514\1514.vcxproj", "{E30428D2-748E-49EE-95B6-039387476257}"
EndProject
Project("{8BC9CEB8-8B4A-11D0-8D11-00A0C91BC942}") = "1502", "1502\1502.vcxproj", "{5D6BE1F9-6EB2-479F-BDAE-C5F058CFFA0C}"
EndProject
Project("{8BC9CEB8-8B4A-11D0-8D11-00A0C91BC942}") = "1528", "1528\1528.vcxproj", "{661CD0B5-1443-4DCB-B3E0-EE3B3308ACB2}"
EndProject
Project("{8BC9CEB8-8B4A-11D0-8D11-00A0C91BC942}") = "1091", "1091\1091.vcxproj", "{D1A5600E-442F-46BA-A2A3-8FCECE2FCDCF}"
EndProject
Project("{8BC9CEB8-8B4A-11D0-8D11-00A0C91BC942}") = "1530", "1530\1530.vcxproj", "{18448A8B-5A7E-4976-8703-A89E33C33E7D}"
EndProject
Project("{8BC9CEB8-8B4A-11D0-8D11-00A0C91BC942}") = "1573", "1573\1573.vcxproj", "{5827EC8A-C902-4A9C-A37E-2080880993B1}"
EndProject
Project("{8BC9CEB8-8B4A-11D0-8D11-00A0C91BC942}") = "1069", "1069\1069.vcxproj", "{72BB2E29-C550-434A-B095-6A57621B7475}"
EndProject
Project("{8BC9CEB8-8B4A-11D0-8D11-00A0C91BC942}") = "1857", "1857\1857.vcxproj", "{68B25C78-9EF4-4A35-A477-E6BEFBD34D0F}"
EndProject
Project("{8BC9CEB8-8B4A-11D0-8D11-00A0C91BC942}") = "1782", "1782\1782.vcxproj", "{F8CF3995-571B-48EB-941D-FEA6E8CE30E3}"
EndProject
Project("{8BC9CEB8-8B4A-11D0-8D11-00A0C91BC942}") = "1146", "1146\1146.vcxproj", "{E3CD4401-0EED-4AA9-B7E2-5E634B218794}"
EndProject
Project("{8BC9CEB8-8B4A-11D0-8D11-00A0C91BC942}") = "1321", "1321\1321.vcxproj", "{E60D60F4-72C0-4AD1-BFB5-516C9B12C88B}"
EndProject
Project("{8BC9CEB8-8B4A-11D0-8D11-00A0C91BC942}") = "1015", "1015\1015.vcxproj", "{713164F0-1941-42D5-9ACD-EDBAC3A31CE5}"
EndProject
Global
	GlobalSection(SolutionConfigurationPlatforms) = preSolution
		Debug|x64 = Debug|x64
		Debug|x86 = Debug|x86
		Release|x64 = Release|x64
		Release|x86 = Release|x86
	EndGlobalSection
	GlobalSection(ProjectConfigurationPlatforms) = postSolution
		{AF868C2D-8AE3-459B-BC08-C1BDC78A119E}.Debug|x64.ActiveCfg = Debug|x64
		{AF868C2D-8AE3-459B-BC08-C1BDC78A119E}.Debug|x64.Build.0 = Debug|x64
		{AF868C2D-8AE3-459B-BC08-C1BDC78A119E}.Debug|x86.ActiveCfg = Debug|Win32
		{AF868C2D-8AE3-459B-BC08-C1BDC78A119E}.Debug|x86.Build.0 = Debug|Win32
		{AF868C2D-8AE3-459B-BC08-C1BDC78A119E}.Release|x64.ActiveCfg = Release|x64
		{AF868C2D-8AE3-459B-BC08-C1BDC78A119E}.Release|x64.Build.0 = Release|x64
		{AF868C2D-8AE3-459B-BC08-C1BDC78A119E}.Release|x86.ActiveCfg = Release|Win32
		{AF868C2D-8AE3-459B-BC08-C1BDC78A119E}.Release|x86.Build.0 = Release|Win32
		{C290111A-8D48-4A10-B711-F19778E56A5F}.Debug|x64.ActiveCfg = Debug|x64
		{C290111A-8D48-4A10-B711-F19778E56A5F}.Debug|x64.Build.0 = Debug|x64
		{C290111A-8D48-4A10-B711-F19778E56A5F}.Debug|x86.ActiveCfg = Debug|Win32
		{C290111A-8D48-4A10-B711-F19778E56A5F}.Debug|x86.Build.0 = Debug|Win32
		{C290111A-8D48-4A10-B711-F19778E56A5F}.Release|x64.ActiveCfg = Release|x64
		{C290111A-8D48-4A10-B711-F19778E56A5F}.Release|x64.Build.0 = Release|x64
		{C290111A-8D48-4A10-B711-F19778E56A5F}.Release|x86.ActiveCfg = Release|Win32
		{C290111A-8D48-4A10-B711-F19778E56A5F}.Release|x86.Build.0 = Release|Win32
		{EC8B03A3-8C6D-44A9-963C-0437C6586A0E}.Debug|x64.ActiveCfg = Debug|x64
		{EC8B03A3-8C6D-44A9-963C-0437C6586A0E}.Debug|x64.Build.0 = Debug|x64
		{EC8B03A3-8C6D-44A9-963C-0437C6586A0E}.Debug|x86.ActiveCfg = Debug|Win32
		{EC8B03A3-8C6D-44A9-963C-0437C6586A0E}.Debug|x86.Build.0 = Debug|Win32
		{EC8B03A3-8C6D-44A9-963C-0437C6586A0E}.Release|x64.ActiveCfg = Release|x64
		{EC8B03A3-8C6D-44A9-963C-0437C6586A0E}.Release|x64.Build.0 = Release|x64
		{EC8B03A3-8C6D-44A9-963C-0437C6586A0E}.Release|x86.ActiveCfg = Release|Win32
		{EC8B03A3-8C6D-44A9-963C-0437C6586A0E}.Release|x86.Build.0 = Release|Win32
		{3FA59BA5-860C-4988-BABC-729F6B5602EF}.Debug|x64.ActiveCfg = Debug|x64
		{3FA59BA5-860C-4988-BABC-729F6B5602EF}.Debug|x64.Build.0 = Debug|x64
		{3FA59BA5-860C-4988-BABC-729F6B5602EF}.Debug|x86.ActiveCfg = Debug|Win32
		{3FA59BA5-860C-4988-BABC-729F6B5602EF}.Debug|x86.Build.0 = Debug|Win32
		{3FA59BA5-860C-4988-BABC-729F6B5602EF}.Release|x64.ActiveCfg = Release|x64
		{3FA59BA5-860C-4988-BABC-729F6B5602EF}.Release|x64.Build.0 = Release|x64
		{3FA59BA5-860C-4988-BABC-729F6B5602EF}.Release|x86.ActiveCfg = Release|Win32
		{3FA59BA5-860C-4988-BABC-729F6B5602EF}.Release|x86.Build.0 = Release|Win32
		{EA6F9C8A-574D-432B-9682-6942A964B73F}.Debug|x64.ActiveCfg = Debug|x64
		{EA6F9C8A-574D-432B-9682-6942A964B73F}.Debug|x64.Build.0 = Debug|x64
		{EA6F9C8A-574D-432B-9682-6942A964B73F}.Debug|x86.ActiveCfg = Debug|Win32
		{EA6F9C8A-574D-432B-9682-6942A964B73F}.Debug|x86.Build.0 = Debug|Win32
		{EA6F9C8A-574D-432B-9682-6942A964B73F}.Release|x64.ActiveCfg = Release|x64
		{EA6F9C8A-574D-432B-9682-6942A964B73F}.Release|x64.Build.0 = Release|x64
		{EA6F9C8A-574D-432B-9682-6942A964B73F}.Release|x86.ActiveCfg = Release|Win32
		{EA6F9C8A-574D-432B-9682-6942A964B73F}.Release|x86.Build.0 = Release|Win32
		{A62D8069-504E-474C-A9B8-56D50E48F70A}.Debug|x64.ActiveCfg = Debug|x64
		{A62D8069-504E-474C-A9B8-56D50E48F70A}.Debug|x64.Build.0 = Debug|x64
		{A62D8069-504E-474C-A9B8-56D50E48F70A}.Debug|x86.ActiveCfg = Debug|Win32
		{A62D8069-504E-474C-A9B8-56D50E48F70A}.Debug|x86.Build.0 = Debug|Win32
		{A62D8069-504E-474C-A9B8-56D50E48F70A}.Release|x64.ActiveCfg = Release|x64
		{A62D8069-504E-474C-A9B8-56D50E48F70A}.Release|x64.Build.0 = Release|x64
		{A62D8069-504E-474C-A9B8-56D50E48F70A}.Release|x86.ActiveCfg = Release|Win32
		{A62D8069-504E-474C-A9B8-56D50E48F70A}.Release|x86.Build.0 = Release|Win32
		{3A7F1B56-1E78-455A-AF9F-1582EC6A9B0D}.Debug|x64.ActiveCfg = Debug|x64
		{3A7F1B56-1E78-455A-AF9F-1582EC6A9B0D}.Debug|x64.Build.0 = Debug|x64
		{3A7F1B56-1E78-455A-AF9F-1582EC6A9B0D}.Debug|x86.ActiveCfg = Debug|Win32
		{3A7F1B56-1E78-455A-AF9F-1582EC6A9B0D}.Debug|x86.Build.0 = Debug|Win32
		{3A7F1B56-1E78-455A-AF9F-1582EC6A9B0D}.Release|x64.ActiveCfg = Release|x64
		{3A7F1B56-1E78-455A-AF9F-1582EC6A9B0D}.Release|x64.Build.0 = Release|x64
		{3A7F1B56-1E78-455A-AF9F-1582EC6A9B0D}.Release|x86.ActiveCfg = Release|Win32
		{3A7F1B56-1E78-455A-AF9F-1582EC6A9B0D}.Release|x86.Build.0 = Release|Win32
		{6A3D11BB-7B8A-4986-B1DB-8842DD316203}.Debug|x64.ActiveCfg = Debug|x64
		{6A3D11BB-7B8A-4986-B1DB-8842DD316203}.Debug|x64.Build.0 = Debug|x64
		{6A3D11BB-7B8A-4986-B1DB-8842DD316203}.Debug|x86.ActiveCfg = Debug|Win32
		{6A3D11BB-7B8A-4986-B1DB-8842DD316203}.Debug|x86.Build.0 = Debug|Win32
		{6A3D11BB-7B8A-4986-B1DB-8842DD316203}.Release|x64.ActiveCfg = Release|x64
		{6A3D11BB-7B8A-4986-B1DB-8842DD316203}.Release|x64.Build.0 = Release|x64
		{6A3D11BB-7B8A-4986-B1DB-8842DD316203}.Release|x86.ActiveCfg = Release|Win32
		{6A3D11BB-7B8A-4986-B1DB-8842DD316203}.Release|x86.Build.0 = Release|Win32
		{3E183C76-8DBA-4A77-95A4-88865BB12F90}.Debug|x64.ActiveCfg = Debug|x64
		{3E183C76-8DBA-4A77-95A4-88865BB12F90}.Debug|x64.Build.0 = Debug|x64
		{3E183C76-8DBA-4A77-95A4-88865BB12F90}.Debug|x86.ActiveCfg = Debug|Win32
		{3E183C76-8DBA-4A77-95A4-88865BB12F90}.Debug|x86.Build.0 = Debug|Win32
		{3E183C76-8DBA-4A77-95A4-88865BB12F90}.Release|x64.ActiveCfg = Release|x64
		{3E183C76-8DBA-4A77-95A4-88865BB12F90}.Release|x64.Build.0 = Release|x64
		{3E183C76-8DBA-4A77-95A4-88865BB12F90}.Release|x86.ActiveCfg = Release|Win32
		{3E183C76-8DBA-4A77-95A4-88865BB12F90}.Release|x86.Build.0 = Release|Win32
		{875841D4-A2B2-4352-94B5-BBFCEA5F8793}.Debug|x64.ActiveCfg = Debug|x64
		{875841D4-A2B2-4352-94B5-BBFCEA5F8793}.Debug|x64.Build.0 = Debug|x64
		{875841D4-A2B2-4352-94B5-BBFCEA5F8793}.Debug|x86.ActiveCfg = Debug|Win32
		{875841D4-A2B2-4352-94B5-BBFCEA5F8793}.Debug|x86.Build.0 = Debug|Win32
		{875841D4-A2B2-4352-94B5-BBFCEA5F8793}.Release|x64.ActiveCfg = Release|x64
		{875841D4-A2B2-4352-94B5-BBFCEA5F8793}.Release|x64.Build.0 = Release|x64
		{875841D4-A2B2-4352-94B5-BBFCEA5F8793}.Release|x86.ActiveCfg = Release|Win32
		{875841D4-A2B2-4352-94B5-BBFCEA5F8793}.Release|x86.Build.0 = Release|Win32
		{29A02B1F-CE67-487D-88E5-57AFC06AF955}.Debug|x64.ActiveCfg = Debug|x64
		{29A02B1F-CE67-487D-88E5-57AFC06AF955}.Debug|x64.Build.0 = Debug|x64
		{29A02B1F-CE67-487D-88E5-57AFC06AF955}.Debug|x86.ActiveCfg = Debug|Win32
		{29A02B1F-CE67-487D-88E5-57AFC06AF955}.Debug|x86.Build.0 = Debug|Win32
		{29A02B1F-CE67-487D-88E5-57AFC06AF955}.Release|x64.ActiveCfg = Release|x64
		{29A02B1F-CE67-487D-88E5-57AFC06AF955}.Release|x64.Build.0 = Release|x64
		{29A02B1F-CE67-487D-88E5-57AFC06AF955}.Release|x86.ActiveCfg = Release|Win32
		{29A02B1F-CE67-487D-88E5-57AFC06AF955}.Release|x86.Build.0 = Release|Win32
		{9C691BC6-5E44-4055-9222-BBCE1DF5457F}.Debug|x64.ActiveCfg = Debug|x64
		{9C691BC6-5E44-4055-9222-BBCE1DF5457F}.Debug|x64.Build.0 = Debug|x64
		{9C691BC6-5E44-4055-9222-BBCE1DF5457F}.Debug|x86.ActiveCfg = Debug|Win32
		{9C691BC6-5E44-4055-9222-BBCE1DF5457F}.Debug|x86.Build.0 = Debug|Win32
		{9C691BC6-5E44-4055-9222-BBCE1DF5457F}.Release|x64.ActiveCfg = Release|x64
		{9C691BC6-5E44-4055-9222-BBCE1DF5457F}.Release|x64.Build.0 = Release|x64
		{9C691BC6-5E44-4055-9222-BBCE1DF5457F}.Release|x86.ActiveCfg = Release|Win32
		{9C691BC6-5E44-4055-9222-BBCE1DF5457F}.Release|x86.Build.0 = Release|Win32
		{FECB6C07-BC3E-4474-B191-BA36F24D7139}.Debug|x64.ActiveCfg = Debug|x64
		{FECB6C07-BC3E-4474-B191-BA36F24D7139}.Debug|x64.Build.0 = Debug|x64
		{FECB6C07-BC3E-4474-B191-BA36F24D7139}.Debug|x86.ActiveCfg = Debug|Win32
		{FECB6C07-BC3E-4474-B191-BA36F24D7139}.Debug|x86.Build.0 = Debug|Win32
		{FECB6C07-BC3E-4474-B191-BA36F24D7139}.Release|x64.ActiveCfg = Release|x64
		{FECB6C07-BC3E-4474-B191-BA36F24D7139}.Release|x64.Build.0 = Release|x64
		{FECB6C07-BC3E-4474-B191-BA36F24D7139}.Release|x86.ActiveCfg = Release|Win32
		{FECB6C07-BC3E-4474-B191-BA36F24D7139}.Release|x86.Build.0 = Release|Win32
		{062B213B-D855-461A-B6DB-C015F5949A07}.Debug|x64.ActiveCfg = Debug|x64
		{062B213B-D855-461A-B6DB-C015F5949A07}.Debug|x64.Build.0 = Debug|x64
		{062B213B-D855-461A-B6DB-C015F5949A07}.Debug|x86.ActiveCfg = Debug|Win32
		{062B213B-D855-461A-B6DB-C015F5949A07}.Debug|x86.Build.0 = Debug|Win32
		{062B213B-D855-461A-B6DB-C015F5949A07}.Release|x64.ActiveCfg = Release|x64
		{062B213B-D855-461A-B6DB-C015F5949A07}.Release|x64.Build.0 = Release|x64
		{062B213B-D855-461A-B6DB-C015F5949A07}.Release|x86.ActiveCfg = Release|Win32
		{062B213B-D855-461A-B6DB-C015F5949A07}.Release|x86.Build.0 = Release|Win32
		{6320F112-9A3C-4FFB-9B6E-95AB3EBEDB03}.Debug|x64.ActiveCfg = Debug|x64
		{6320F112-9A3C-4FFB-9B6E-95AB3EBEDB03}.Debug|x64.Build.0 = Debug|x64
		{6320F112-9A3C-4FFB-9B6E-95AB3EBEDB03}.Debug|x86.ActiveCfg = Debug|Win32
		{6320F112-9A3C-4FFB-9B6E-95AB3EBEDB03}.Debug|x86.Build.0 = Debug|Win32
		{6320F112-9A3C-4FFB-9B6E-95AB3EBEDB03}.Release|x64.ActiveCfg = Release|x64
		{6320F112-9A3C-4FFB-9B6E-95AB3EBEDB03}.Release|x64.Build.0 = Release|x64
		{6320F112-9A3C-4FFB-9B6E-95AB3EBEDB03}.Release|x86.ActiveCfg = Release|Win32
		{6320F112-9A3C-4FFB-9B6E-95AB3EBEDB03}.Release|x86.Build.0 = Release|Win32
		{85542961-90D6-4537-89E3-DAF550DDD0F1}.Debug|x64.ActiveCfg = Debug|x64
		{85542961-90D6-4537-89E3-DAF550DDD0F1}.Debug|x64.Build.0 = Debug|x64
		{85542961-90D6-4537-89E3-DAF550DDD0F1}.Debug|x86.ActiveCfg = Debug|Win32
		{85542961-90D6-4537-89E3-DAF550DDD0F1}.Debug|x86.Build.0 = Debug|Win32
		{85542961-90D6-4537-89E3-DAF550DDD0F1}.Release|x64.ActiveCfg = Release|x64
		{85542961-90D6-4537-89E3-DAF550DDD0F1}.Release|x64.Build.0 = Release|x64
		{85542961-90D6-4537-89E3-DAF550DDD0F1}.Release|x86.ActiveCfg = Release|Win32
		{85542961-90D6-4537-89E3-DAF550DDD0F1}.Release|x86.Build.0 = Release|Win32
		{3E794A00-2F03-4598-AE42-5D69BFF9C17C}.Debug|x64.ActiveCfg = Debug|x64
		{3E794A00-2F03-4598-AE42-5D69BFF9C17C}.Debug|x64.Build.0 = Debug|x64
		{3E794A00-2F03-4598-AE42-5D69BFF9C17C}.Debug|x86.ActiveCfg = Debug|Win32
		{3E794A00-2F03-4598-AE42-5D69BFF9C17C}.Debug|x86.Build.0 = Debug|Win32
		{3E794A00-2F03-4598-AE42-5D69BFF9C17C}.Release|x64.ActiveCfg = Release|x64
		{3E794A00-2F03-4598-AE42-5D69BFF9C17C}.Release|x64.Build.0 = Release|x64
		{3E794A00-2F03-4598-AE42-5D69BFF9C17C}.Release|x86.ActiveCfg = Release|Win32
		{3E794A00-2F03-4598-AE42-5D69BFF9C17C}.Release|x86.Build.0 = Release|Win32
		{11E9507C-8A71-4D92-8406-28C07625AC11}.Debug|x64.ActiveCfg = Debug|x64
		{11E9507C-8A71-4D92-8406-28C07625AC11}.Debug|x64.Build.0 = Debug|x64
		{11E9507C-8A71-4D92-8406-28C07625AC11}.Debug|x86.ActiveCfg = Debug|Win32
		{11E9507C-8A71-4D92-8406-28C07625AC11}.Debug|x86.Build.0 = Debug|Win32
		{11E9507C-8A71-4D92-8406-28C07625AC11}.Release|x64.ActiveCfg = Release|x64
		{11E9507C-8A71-4D92-8406-28C07625AC11}.Release|x64.Build.0 = Release|x64
		{11E9507C-8A71-4D92-8406-28C07625AC11}.Release|x86.ActiveCfg = Release|Win32
		{11E9507C-8A71-4D92-8406-28C07625AC11}.Release|x86.Build.0 = Release|Win32
		{F764EAFC-13CC-487D-BAEF-7CB4061D19FE}.Debug|x64.ActiveCfg = Debug|x64
		{F764EAFC-13CC-487D-BAEF-7CB4061D19FE}.Debug|x64.Build.0 = Debug|x64
		{F764EAFC-13CC-487D-BAEF-7CB4061D19FE}.Debug|x86.ActiveCfg = Debug|Win32
		{F764EAFC-13CC-487D-BAEF-7CB4061D19FE}.Debug|x86.Build.0 = Debug|Win32
		{F764EAFC-13CC-487D-BAEF-7CB4061D19FE}.Release|x64.ActiveCfg = Release|x64
		{F764EAFC-13CC-487D-BAEF-7CB4061D19FE}.Release|x64.Build.0 = Release|x64
		{F764EAFC-13CC-487D-BAEF-7CB4061D19FE}.Release|x86.ActiveCfg = Release|Win32
		{F764EAFC-13CC-487D-BAEF-7CB4061D19FE}.Release|x86.Build.0 = Release|Win32
		{4099F817-B172-4041-A1D3-25D132FED90C}.Debug|x64.ActiveCfg = Debug|x64
		{4099F817-B172-4041-A1D3-25D132FED90C}.Debug|x64.Build.0 = Debug|x64
		{4099F817-B172-4041-A1D3-25D132FED90C}.Debug|x86.ActiveCfg = Debug|Win32
		{4099F817-B172-4041-A1D3-25D132FED90C}.Debug|x86.Build.0 = Debug|Win32
		{4099F817-B172-4041-A1D3-25D132FED90C}.Release|x64.ActiveCfg = Release|x64
		{4099F817-B172-4041-A1D3-25D132FED90C}.Release|x64.Build.0 = Release|x64
		{4099F817-B172-4041-A1D3-25D132FED90C}.Release|x86.ActiveCfg = Release|Win32
		{4099F817-B172-4041-A1D3-25D132FED90C}.Release|x86.Build.0 = Release|Win32
		{6F7AF941-29CA-4AA4-BE6C-1D1C9025C6B9}.Debug|x64.ActiveCfg = Debug|x64
		{6F7AF941-29CA-4AA4-BE6C-1D1C9025C6B9}.Debug|x64.Build.0 = Debug|x64
		{6F7AF941-29CA-4AA4-BE6C-1D1C9025C6B9}.Debug|x86.ActiveCfg = Debug|Win32
		{6F7AF941-29CA-4AA4-BE6C-1D1C9025C6B9}.Debug|x86.Build.0 = Debug|Win32
		{6F7AF941-29CA-4AA4-BE6C-1D1C9025C6B9}.Release|x64.ActiveCfg = Release|x64
		{6F7AF941-29CA-4AA4-BE6C-1D1C9025C6B9}.Release|x64.Build.0 = Release|x64
		{6F7AF941-29CA-4AA4-BE6C-1D1C9025C6B9}.Release|x86.ActiveCfg = Release|Win32
		{6F7AF941-29CA-4AA4-BE6C-1D1C9025C6B9}.Release|x86.Build.0 = Release|Win32
		{09827D77-946D-4637-BEC4-E537AC604504}.Debug|x64.ActiveCfg = Debug|x64
		{09827D77-946D-4637-BEC4-E537AC604504}.Debug|x64.Build.0 = Debug|x64
		{09827D77-946D-4637-BEC4-E537AC604504}.Debug|x86.ActiveCfg = Debug|Win32
		{09827D77-946D-4637-BEC4-E537AC604504}.Debug|x86.Build.0 = Debug|Win32
		{09827D77-946D-4637-BEC4-E537AC604504}.Release|x64.ActiveCfg = Release|x64
		{09827D77-946D-4637-BEC4-E537AC604504}.Release|x64.Build.0 = Release|x64
		{09827D77-946D-4637-BEC4-E537AC604504}.Release|x86.ActiveCfg = Release|Win32
		{09827D77-946D-4637-BEC4-E537AC604504}.Release|x86.Build.0 = Release|Win32
		{735B70B8-2C01-45C9-93C8-18FC33F9A8BE}.Debug|x64.ActiveCfg = Debug|x64
		{735B70B8-2C01-45C9-93C8-18FC33F9A8BE}.Debug|x64.Build.0 = Debug|x64
		{735B70B8-2C01-45C9-93C8-18FC33F9A8BE}.Debug|x86.ActiveCfg = Debug|Win32
		{735B70B8-2C01-45C9-93C8-18FC33F9A8BE}.Debug|x86.Build.0 = Debug|Win32
		{735B70B8-2C01-45C9-93C8-18FC33F9A8BE}.Release|x64.ActiveCfg = Release|x64
		{735B70B8-2C01-45C9-93C8-18FC33F9A8BE}.Release|x64.Build.0 = Release|x64
		{735B70B8-2C01-45C9-93C8-18FC33F9A8BE}.Release|x86.ActiveCfg = Release|Win32
		{735B70B8-2C01-45C9-93C8-18FC33F9A8BE}.Release|x86.Build.0 = Release|Win32
		{9750C4AF-A63F-4B62-AEDC-0BD2BF86E0F4}.Debug|x64.ActiveCfg = Debug|x64
		{9750C4AF-A63F-4B62-AEDC-0BD2BF86E0F4}.Debug|x64.Build.0 = Debug|x64
		{9750C4AF-A63F-4B62-AEDC-0BD2BF86E0F4}.Debug|x86.ActiveCfg = Debug|Win32
		{9750C4AF-A63F-4B62-AEDC-0BD2BF86E0F4}.Debug|x86.Build.0 = Debug|Win32
		{9750C4AF-A63F-4B62-AEDC-0BD2BF86E0F4}.Release|x64.ActiveCfg = Release|x64
		{9750C4AF-A63F-4B62-AEDC-0BD2BF86E0F4}.Release|x64.Build.0 = Release|x64
		{9750C4AF-A63F-4B62-AEDC-0BD2BF86E0F4}.Release|x86.ActiveCfg = Release|Win32
		{9750C4AF-A63F-4B62-AEDC-0BD2BF86E0F4}.Release|x86.Build.0 = Release|Win32
		{2BDDD4EC-E717-493D-BAC2-51AFE5DB67C8}.Debug|x64.ActiveCfg = Debug|x64
		{2BDDD4EC-E717-493D-BAC2-51AFE5DB67C8}.Debug|x64.Build.0 = Debug|x64
		{2BDDD4EC-E717-493D-BAC2-51AFE5DB67C8}.Debug|x86.ActiveCfg = Debug|Win32
		{2BDDD4EC-E717-493D-BAC2-51AFE5DB67C8}.Debug|x86.Build.0 = Debug|Win32
		{2BDDD4EC-E717-493D-BAC2-51AFE5DB67C8}.Release|x64.ActiveCfg = Release|x64
		{2BDDD4EC-E717-493D-BAC2-51AFE5DB67C8}.Release|x64.Build.0 = Release|x64
		{2BDDD4EC-E717-493D-BAC2-51AFE5DB67C8}.Release|x86.ActiveCfg = Release|Win32
		{2BDDD4EC-E717-493D-BAC2-51AFE5DB67C8}.Release|x86.Build.0 = Release|Win32
		{659AF49E-7350-411D-A96D-52CA5570653C}.Debug|x64.ActiveCfg = Debug|x64
		{659AF49E-7350-411D-A96D-52CA5570653C}.Debug|x64.Build.0 = Debug|x64
		{659AF49E-7350-411D-A96D-52CA5570653C}.Debug|x86.ActiveCfg = Debug|Win32
		{659AF49E-7350-411D-A96D-52CA5570653C}.Debug|x86.Build.0 = Debug|Win32
		{659AF49E-7350-411D-A96D-52CA5570653C}.Release|x64.ActiveCfg = Release|x64
		{659AF49E-7350-411D-A96D-52CA5570653C}.Release|x64.Build.0 = Release|x64
		{659AF49E-7350-411D-A96D-52CA5570653C}.Release|x86.ActiveCfg = Release|Win32
		{659AF49E-7350-411D-A96D-52CA5570653C}.Release|x86.Build.0 = Release|Win32
		{11299136-1A9E-48A9-AB06-9E309D61B0EC}.Debug|x64.ActiveCfg = Debug|x64
		{11299136-1A9E-48A9-AB06-9E309D61B0EC}.Debug|x64.Build.0 = Debug|x64
		{11299136-1A9E-48A9-AB06-9E309D61B0EC}.Debug|x86.ActiveCfg = Debug|Win32
		{11299136-1A9E-48A9-AB06-9E309D61B0EC}.Debug|x86.Build.0 = Debug|Win32
		{11299136-1A9E-48A9-AB06-9E309D61B0EC}.Release|x64.ActiveCfg = Release|x64
		{11299136-1A9E-48A9-AB06-9E309D61B0EC}.Release|x64.Build.0 = Release|x64
		{11299136-1A9E-48A9-AB06-9E309D61B0EC}.Release|x86.ActiveCfg = Release|Win32
		{11299136-1A9E-48A9-AB06-9E309D61B0EC}.Release|x86.Build.0 = Release|Win32
		{E30428D2-748E-49EE-95B6-039387476257}.Debug|x64.ActiveCfg = Debug|x64
		{E30428D2-748E-49EE-95B6-039387476257}.Debug|x64.Build.0 = Debug|x64
		{E30428D2-748E-49EE-95B6-039387476257}.Debug|x86.ActiveCfg = Debug|Win32
		{E30428D2-748E-49EE-95B6-039387476257}.Debug|x86.Build.0 = Debug|Win32
		{E30428D2-748E-49EE-95B6-039387476257}.Release|x64.ActiveCfg = Release|x64
		{E30428D2-748E-49EE-95B6-039387476257}.Release|x64.Build.0 = Release|x64
		{E30428D2-748E-49EE-95B6-039387476257}.Release|x86.ActiveCfg = Release|Win32
		{E30428D2-748E-49EE-95B6-039387476257}.Release|x86.Build.0 = Release|Win32
		{5D6BE1F9-6EB2-479F-BDAE-C5F058CFFA0C}.Debug|x64.ActiveCfg = Debug|x64
		{5D6BE1F9-6EB2-479F-BDAE-C5F058CFFA0C}.Debug|x64.Build.0 = Debug|x64
		{5D6BE1F9-6EB2-479F-BDAE-C5F058CFFA0C}.Debug|x86.ActiveCfg = Debug|Win32
		{5D6BE1F9-6EB2-479F-BDAE-C5F058CFFA0C}.Debug|x86.Build.0 = Debug|Win32
		{5D6BE1F9-6EB2-479F-BDAE-C5F058CFFA0C}.Release|x64.ActiveCfg = Release|x64
		{5D6BE1F9-6EB2-479F-BDAE-C5F058CFFA0C}.Release|x64.Build.0 = Release|x64
		{5D6BE1F9-6EB2-479F-BDAE-C5F058CFFA0C}.Release|x86.ActiveCfg = Release|Win32
		{5D6BE1F9-6EB2-479F-BDAE-C5F058CFFA0C}.Release|x86.Build.0 = Release|Win32
		{661CD0B5-1443-4DCB-B3E0-EE3B3308ACB2}.Debug|x64.ActiveCfg = Debug|x64
		{661CD0B5-1443-4DCB-B3E0-EE3B3308ACB2}.Debug|x64.Build.0 = Debug|x64
		{661CD0B5-1443-4DCB-B3E0-EE3B3308ACB2}.Debug|x86.ActiveCfg = Debug|Win32
		{661CD0B5-1443-4DCB-B3E0-EE3B3308ACB2}.Debug|x86.Build.0 = Debug|Win32
		{661CD0B5-1443-4DCB-B3E0-EE3B3308ACB2}.Release|x64.ActiveCfg = Release|x64
		{661CD0B5-1443-4DCB-B3E0-EE3B3308ACB2}.Release|x64.Build.0 = Release|x64
		{661CD0B5-1443-4DCB-B3E0-EE3B3308ACB2}.Release|x86.ActiveCfg = Release|Win32
		{661CD0B5-1443-4DCB-B3E0-EE3B3308ACB2}.Release|x86.Build.0 = Release|Win32
		{D1A5600E-442F-46BA-A2A3-8FCECE2FCDCF}.Debug|x64.ActiveCfg = Debug|x64
		{D1A5600E-442F-46BA-A2A3-8FCECE2FCDCF}.Debug|x64.Build.0 = Debug|x64
		{D1A5600E-442F-46BA-A2A3-8FCECE2FCDCF}.Debug|x86.ActiveCfg = Debug|Win32
		{D1A5600E-442F-46BA-A2A3-8FCECE2FCDCF}.Debug|x86.Build.0 = Debug|Win32
		{D1A5600E-442F-46BA-A2A3-8FCECE2FCDCF}.Release|x64.ActiveCfg = Release|x64
		{D1A5600E-442F-46BA-A2A3-8FCECE2FCDCF}.Release|x64.Build.0 = Release|x64
		{D1A5600E-442F-46BA-A2A3-8FCECE2FCDCF}.Release|x86.ActiveCfg = Release|Win32
		{D1A5600E-442F-46BA-A2A3-8FCECE2FCDCF}.Release|x86.Build.0 = Release|Win32
		{18448A8B-5A7E-4976-8703-A89E33C33E7D}.Debug|x64.ActiveCfg = Debug|x64
		{18448A8B-5A7E-4976-8703-A89E33C33E7D}.Debug|x64.Build.0 = Debug|x64
		{18448A8B-5A7E-4976-8703-A89E33C33E7D}.Debug|x86.ActiveCfg = Debug|Win32
		{18448A8B-5A7E-4976-8703-A89E33C33E7D}.Debug|x86.Build.0 = Debug|Win32
		{18448A8B-5A7E-4976-8703-A89E33C33E7D}.Release|x64.ActiveCfg = Release|x64
		{18448A8B-5A7E-4976-8703-A89E33C33E7D}.Release|x64.Build.0 = Release|x64
		{18448A8B-5A7E-4976-8703-A89E33C33E7D}.Release|x86.ActiveCfg = Release|Win32
		{18448A8B-5A7E-4976-8703-A89E33C33E7D}.Release|x86.Build.0 = Release|Win32
		{5827EC8A-C902-4A9C-A37E-2080880993B1}.Debug|x64.ActiveCfg = Debug|x64
		{5827EC8A-C902-4A9C-A37E-2080880993B1}.Debug|x64.Build.0 = Debug|x64
		{5827EC8A-C902-4A9C-A37E-2080880993B1}.Debug|x86.ActiveCfg = Debug|Win32
		{5827EC8A-C902-4A9C-A37E-2080880993B1}.Debug|x86.Build.0 = Debug|Win32
		{5827EC8A-C902-4A9C-A37E-2080880993B1}.Release|x64.ActiveCfg = Release|x64
		{5827EC8A-C902-4A9C-A37E-2080880993B1}.Release|x64.Build.0 = Release|x64
		{5827EC8A-C902-4A9C-A37E-2080880993B1}.Release|x86.ActiveCfg = Release|Win32
		{5827EC8A-C902-4A9C-A37E-2080880993B1}.Release|x86.Build.0 = Release|Win32
		{72BB2E29-C550-434A-B095-6A57621B7475}.Debug|x64.ActiveCfg = Debug|x64
		{72BB2E29-C550-434A-B095-6A57621B7475}.Debug|x64.Build.0 = Debug|x64
		{72BB2E29-C550-434A-B095-6A57621B7475}.Debug|x86.ActiveCfg = Debug|Win32
		{72BB2E29-C550-434A-B095-6A57621B7475}.Debug|x86.Build.0 = Debug|Win32
		{72BB2E29-C550-434A-B095-6A57621B7475}.Release|x64.ActiveCfg = Release|x64
		{72BB2E29-C550-434A-B095-6A57621B7475}.Release|x64.Build.0 = Release|x64
		{72BB2E29-C550-434A-B095-6A57621B7475}.Release|x86.ActiveCfg = Release|Win32
		{72BB2E29-C550-434A-B095-6A57621B7475}.Release|x86.Build.0 = Release|Win32
		{68B25C78-9EF4-4A35-A477-E6BEFBD34D0F}.Debug|x64.ActiveCfg = Debug|x64
		{68B25C78-9EF4-4A35-A477-E6BEFBD34D0F}.Debug|x64.Build.0 = Debug|x64
		{68B25C78-9EF4-4A35-A477-E6BEFBD34D0F}.Debug|x86.ActiveCfg = Debug|Win32
		{68B25C78-9EF4-4A35-A477-E6BEFBD34D0F}.Debug|x86.Build.0 = Debug|Win32
		{68B25C78-9EF4-4A35-A477-E6BEFBD34D0F}.Release|x64.ActiveCfg = Release|x64
		{68B25C78-9EF4-4A35-A477-E6BEFBD34D0F}.Release|x64.Build.0 = Release|x64
		{68B25C78-9EF4-4A35-A477-E6BEFBD34D0F}.Release|x86.ActiveCfg = Release|Win32
		{68B25C78-9EF4-4A35-A477-E6BEFBD34D0F}.Release|x86.Build.0 = Release|Win32
		{F8CF3995-571B-48EB-941D-FEA6E8CE30E3}.Debug|x64.ActiveCfg = Debug|x64
		{F8CF3995-571B-48EB-941D-FEA6E8CE30E3}.Debug|x64.Build.0 = Debug|x64
		{F8CF3995-571B-48EB-941D-FEA6E8CE30E3}.Debug|x86.ActiveCfg = Debug|Win32
		{F8CF3995-571B-48EB-941D-FEA6E8CE30E3}.Debug|x86.Build.0 = Debug|Win32
		{F8CF3995-571B-48EB-941D-FEA6E8CE30E3}.Release|x64.ActiveCfg = Release|x64
		{F8CF3995-571B-48EB-941D-FEA6E8CE30E3}.Release|x64.Build.0 = Release|x64
		{F8CF3995-571B-48EB-941D-FEA6E8CE30E3}.Release|x86.ActiveCfg = Release|Win32
		{F8CF3995-571B-48EB-941D-FEA6E8CE30E3}.Release|x86.Build.0 = Release|Win32
		{E3CD4401-0EED-4AA9-B7E2-5E634B218794}.Debug|x64.ActiveCfg = Debug|x64
		{E3CD4401-0EED-4AA9-B7E2-5E634B218794}.Debug|x64.Build.0 = Debug|x64
		{E3CD4401-0EED-4AA9-B7E2-5E634B218794}.Debug|x86.ActiveCfg = Debug|Win32
		{E3CD4401-0EED-4AA9-B7E2-5E634B218794}.Debug|x86.Build.0 = Debug|Win32
		{E3CD4401-0EED-4AA9-B7E2-5E634B218794}.Release|x64.ActiveCfg = Release|x64
		{E3CD4401-0EED-4AA9-B7E2-5E634B218794}.Release|x64.Build.0 = Release|x64
		{E3CD4401-0EED-4AA9-B7E2-5E634B218794}.Release|x86.ActiveCfg = Release|Win32
		{E3CD4401-0EED-4AA9-B7E2-5E634B218794}.Release|x86.Build.0 = Release|Win32
		{E60D60F4-72C0-4AD1-BFB5-516C9B12C88B}.Debug|x64.ActiveCfg = Debug|x64
		{E60D60F4-72C0-4AD1-BFB5-516C9B12C88B}.Debug|x64.Build.0 = Debug|x64
		{E60D60F4-72C0-4AD1-BFB5-516C9B12C88B}.Debug|x86.ActiveCfg = Debug|Win32
		{E60D60F4-72C0-4AD1-BFB5-516C9B12C88B}.Debug|x86.Build.0 = Debug|Win32
		{E60D60F4-72C0-4AD1-BFB5-516C9B12C88B}.Release|x64.ActiveCfg = Release|x64
		{E60D60F4-72C0-4AD1-BFB5-516C9B12C88B}.Release|x64.Build.0 = Release|x64
		{E60D60F4-72C0-4AD1-BFB5-516C9B12C88B}.Release|x86.ActiveCfg = Release|Win32
		{E60D60F4-72C0-4AD1-BFB5-516C9B12C88B}.Release|x86.Build.0 = Release|Win32
		{713164F0-1941-42D5-9ACD-EDBAC3A31CE5}.Debug|x64.ActiveCfg = Debug|x64
		{713164F0-1941-42D5-9ACD-EDBAC3A31CE5}.Debug|x64.Build.0 = Debug|x64
		{713164F0-1941-42D5-9ACD-EDBAC3A31CE5}.Debug|x86.ActiveCfg = Debug|Win32
		{713164F0-1941-42D5-9ACD-EDBAC3A31CE5}.Debug|x86.Build.0 = Debug|Win32
		{713164F0-1941-42D5-9ACD-EDBAC3A31CE5}.Release|x64.ActiveCfg = Release|x64
		{713164F0-1941-42D5-9ACD-EDBAC3A31CE5}.Release|x64.Build.0 = Release|x64
		{713164F0-1941-42D5-9ACD-EDBAC3A31CE5}.Release|x86.ActiveCfg = Release|Win32
		{713164F0-1941-42D5-9ACD-EDBAC3A31CE5}.Release|x86.Build.0 = Release|Win32
	EndGlobalSection
	GlobalSection(SolutionProperties) = preSolution
		HideSolutionNode = FALSE
	EndGlobalSection
EndGlobal
